
Microsoft Visual Studio Solution File, Format Version 12.00
# Visual Studio Version 17
VisualStudioVersion = 17.5.33502.453
MinimumVisualStudioVersion = 10.0.40219.1
Project("{FAE04EC0-301F-11D3-BF4B-00C04F79EFBC}") = "Funcionarios", "Funcionarios\Funcionarios.csproj", "{A59045DB-CF9B-4F6A-8353-B637C0FB76FD}"
EndProject
Global
	GlobalSection(SolutionConfigurationPlatforms) = preSolution
		Debug|Any CPU = Debug|Any CPU
		Release|Any CPU = Release|Any CPU
	EndGlobalSection
	GlobalSection(ProjectConfigurationPlatforms) = postSolution
		{A59045DB-CF9B-4F6A-8353-B637C0FB76FD}.Debug|Any CPU.ActiveCfg = Debug|Any CPU
		{A59045DB-CF9B-4F6A-8353-B637C0FB76FD}.Debug|Any CPU.Build.0 = Debug|Any CPU
		{A59045DB-CF9B-4F6A-8353-B637C0FB76FD}.Release|Any CPU.ActiveCfg = Release|Any CPU
		{A59045DB-CF9B-4F6A-8353-B637C0FB76FD}.Release|Any CPU.Build.0 = Release|Any CPU
	EndGlobalSection
	GlobalSection(SolutionProperties) = preSolution
		HideSolutionNode = FALSE
	EndGlobalSection
	GlobalSection(ExtensibilityGlobals) = postSolution
		SolutionGuid = {FF3050ED-1945-4871-9BD1-407D3B8459D1}
	EndGlobalSection
EndGlobal
